
Microsoft Visual Studio Solution File, Format Version 12.00
# Visual Studio Version 16
VisualStudioVersion = 16.0.30907.101
MinimumVisualStudioVersion = 10.0.40219.1
Project("{FAE04EC0-301F-11D3-BF4B-00C04F79EFBC}") = "InterfacesEstudo", "InterfacesEstudo\InterfacesEstudo.csproj", "{FD6BCCA6-BCD5-4D2A-8CD2-D6ACA716BDB2}"
EndProject
Global
	GlobalSection(SolutionConfigurationPlatforms) = preSolution
		Debug|Any CPU = Debug|Any CPU
		Release|Any CPU = Release|Any CPU
	EndGlobalSection
	GlobalSection(ProjectConfigurationPlatforms) = postSolution
		{FD6BCCA6-BCD5-4D2A-8CD2-D6ACA716BDB2}.Debug|Any CPU.ActiveCfg = Debug|Any CPU
		{FD6BCCA6-BCD5-4D2A-8CD2-D6ACA716BDB2}.Debug|Any CPU.Build.0 = Debug|Any CPU
		{FD6BCCA6-BCD5-4D2A-8CD2-D6ACA716BDB2}.Release|Any CPU.ActiveCfg = Release|Any CPU
		{FD6BCCA6-BCD5-4D2A-8CD2-D6ACA716BDB2}.Release|Any CPU.Build.0 = Release|Any CPU
	EndGlobalSection
	GlobalSection(SolutionProperties) = preSolution
		HideSolutionNode = FALSE
	EndGlobalSection
	GlobalSection(ExtensibilityGlobals) = postSolution
		SolutionGuid = {B841CF23-801D-4334-B3A6-1726B9F07B72}
	EndGlobalSection
EndGlobal
